
Microsoft Visual Studio Solution File, Format Version 12.00
# Visual Studio Version 17
VisualStudioVersion = 17.0.31903.59
MinimumVisualStudioVersion = 10.0.40219.1
Project("{FAE04EC0-301F-11D3-BF4B-00C04F79EFBC}") = "API", "API\API.csproj", "{BA0897CA-7CF3-47BC-A53C-97992049073A}"
EndProject
Project("{FAE04EC0-301F-11D3-BF4B-00C04F79EFBC}") = "Core", "Core\Core.csproj", "{B25926B6-4C90-48A2-AE94-EFD16CF966B0}"
EndProject
Project("{FAE04EC0-301F-11D3-BF4B-00C04F79EFBC}") = "Infrastructure", "Infrastructure\Infrastructure.csproj", "{0A24A645-60DC-42C8-BD35-0D5BB145A7B4}"
EndProject
Global
	GlobalSection(SolutionConfigurationPlatforms) = preSolution
		Debug|Any CPU = Debug|Any CPU
		Release|Any CPU = Release|Any CPU
	EndGlobalSection
	GlobalSection(SolutionProperties) = preSolution
		HideSolutionNode = FALSE
	EndGlobalSection
	GlobalSection(ProjectConfigurationPlatforms) = postSolution
		{BA0897CA-7CF3-47BC-A53C-97992049073A}.Debug|Any CPU.ActiveCfg = Debug|Any CPU
		{BA0897CA-7CF3-47BC-A53C-97992049073A}.Debug|Any CPU.Build.0 = Debug|Any CPU
		{BA0897CA-7CF3-47BC-A53C-97992049073A}.Release|Any CPU.ActiveCfg = Release|Any CPU
		{BA0897CA-7CF3-47BC-A53C-97992049073A}.Release|Any CPU.Build.0 = Release|Any CPU
		{B25926B6-4C90-48A2-AE94-EFD16CF966B0}.Debug|Any CPU.ActiveCfg = Debug|Any CPU
		{B25926B6-4C90-48A2-AE94-EFD16CF966B0}.Debug|Any CPU.Build.0 = Debug|Any CPU
		{B25926B6-4C90-48A2-AE94-EFD16CF966B0}.Release|Any CPU.ActiveCfg = Release|Any CPU
		{B25926B6-4C90-48A2-AE94-EFD16CF966B0}.Release|Any CPU.Build.0 = Release|Any CPU
		{0A24A645-60DC-42C8-BD35-0D5BB145A7B4}.Debug|Any CPU.ActiveCfg = Debug|Any CPU
		{0A24A645-60DC-42C8-BD35-0D5BB145A7B4}.Debug|Any CPU.Build.0 = Debug|Any CPU
		{0A24A645-60DC-42C8-BD35-0D5BB145A7B4}.Release|Any CPU.ActiveCfg = Release|Any CPU
		{0A24A645-60DC-42C8-BD35-0D5BB145A7B4}.Release|Any CPU.Build.0 = Release|Any CPU
	EndGlobalSection
EndGlobal
